
Microsoft Visual Studio Solution File, Format Version 12.00
# Visual Studio Version 17
VisualStudioVersion = 17.4.33205.214
MinimumVisualStudioVersion = 10.0.40219.1
Project("{FAE04EC0-301F-11D3-BF4B-00C04F79EFBC}") = "FuelManagment", "FuelManagment.csproj", "{83960157-FBF3-43DD-93D9-A8EF1E2167F2}"
EndProject
Global
	GlobalSection(SolutionConfigurationPlatforms) = preSolution
		Debug|Any CPU = Debug|Any CPU
		Release|Any CPU = Release|Any CPU
	EndGlobalSection
	GlobalSection(ProjectConfigurationPlatforms) = postSolution
		{83960157-FBF3-43DD-93D9-A8EF1E2167F2}.Debug|Any CPU.ActiveCfg = Debug|Any CPU
		{83960157-FBF3-43DD-93D9-A8EF1E2167F2}.Debug|Any CPU.Build.0 = Debug|Any CPU
		{83960157-FBF3-43DD-93D9-A8EF1E2167F2}.Release|Any CPU.ActiveCfg = Release|Any CPU
		{83960157-FBF3-43DD-93D9-A8EF1E2167F2}.Release|Any CPU.Build.0 = Release|Any CPU
	EndGlobalSection
	GlobalSection(SolutionProperties) = preSolution
		HideSolutionNode = FALSE
	EndGlobalSection
	GlobalSection(ExtensibilityGlobals) = postSolution
		SolutionGuid = {B631EC56-CD9B-4F42-BF5F-0032CF7A418D}
	EndGlobalSection
EndGlobal
